PODS:
  - Alamofire (5.1.0)
  - IQKeyboardManagerSwift (6.5.4)
  - SwiftyJSON (5.0.0)
  - SwipeCellKit (2.7.1)

DEPENDENCIES:
  - Alamofire
  - IQKeyboardManagerSwift
  - SwiftyJSON
  - SwipeCellKit

SPEC REPOS:
  trunk:
    - Alamofire
    - IQKeyboardManagerSwift
    - SwiftyJSON
    - SwipeCellKit

SPEC CHECKSUMS:
  Alamofire: 9d5c5f602928e512395b30950c5984eca840093c
  IQKeyboardManagerSwift: 2dde0fc70110e8eac7ccce2a46fdbec6a850b414
  SwiftyJSON: 36413e04c44ee145039d332b4f4e2d3e8d6c4db7
  SwipeCellKit: 3972254a826da74609926daf59b08d6c72e619ea

PODFILE CHECKSUM: 7429bec4ba9682f1799329f3a88be4b86079f47e

COCOAPODS: 1.9.1
